{
  "name": "productmodel",
  "version": "1.0.0",
  "lockfileVersion": 1,
  "requires": true,
  "dependencies": {
    "luxon": {
      "version": "1.21.3",
      "resolved": "https://registry.npmjs.org/luxon/-/luxon-1.21.3.tgz",
      "integrity": "sha512-lLRwNcNnkZLuv13A1FUuZRZmTWF7ro2ricYvb0L9cvBYHPvZhQdKwrYnZzi103D2XKmlVmxWpdn2wfIiOt2YEw=="
    },
    "papaparse": {
      "version": "5.1.1",
      "resolved": "https://registry.npmjs.org/papaparse/-/papaparse-5.1.1.tgz",
      "integrity": "sha512-KPkW4GNQxunmYTeJIjHFrvilcNuHBWrfgbyvmagEmfGOA4hnP1WIkPbv4yABhj1Nam3as4w+7MBiI27BntwqVg=="
    },
    "stemmer": {
      "version": "1.0.4",
      "resolved": "https://registry.npmjs.org/stemmer/-/stemmer-1.0.4.tgz",
      "integrity": "sha512-3EOHP7r8MAmnAbl7u0VuAe0DFmaJNmbLq1OpxETvN6cmWOO5i++wVH11OkKme8B4XA78j3e/TJC/6/FDp35oLg=="
    }
  }
}
